
Microsoft Visual Studio Solution File, Format Version 12.00
# Visual Studio Version 16
VisualStudioVersion = 16.0.30611.23
MinimumVisualStudioVersion = 10.0.40219.1
Project("{FAE04EC0-301F-11D3-BF4B-00C04F79EFBC}") = "CRUD", "CRUD\CRUD.csproj", "{BC933DE3-3959-410D-9189-8D549756D9A3}"
EndProject
Global
	GlobalSection(SolutionConfigurationPlatforms) = preSolution
		Debug|Any CPU = Debug|Any CPU
		Release|Any CPU = Release|Any CPU
	EndGlobalSection
	GlobalSection(ProjectConfigurationPlatforms) = postSolution
		{BC933DE3-3959-410D-9189-8D549756D9A3}.Debug|Any CPU.ActiveCfg = Debug|Any CPU
		{BC933DE3-3959-410D-9189-8D549756D9A3}.Debug|Any CPU.Build.0 = Debug|Any CPU
		{BC933DE3-3959-410D-9189-8D549756D9A3}.Release|Any CPU.ActiveCfg = Release|Any CPU
		{BC933DE3-3959-410D-9189-8D549756D9A3}.Release|Any CPU.Build.0 = Release|Any CPU
	EndGlobalSection
	GlobalSection(SolutionProperties) = preSolution
		HideSolutionNode = FALSE
	EndGlobalSection
	GlobalSection(ExtensibilityGlobals) = postSolution
		SolutionGuid = {F4ACC97F-BEEC-4FAE-ADBE-BA83CC9BB627}
	EndGlobalSection
EndGlobal
